
Microsoft Visual Studio Solution File, Format Version 12.00
# Visual Studio Version 17
VisualStudioVersion = 17.4.33122.133
MinimumVisualStudioVersion = 10.0.40219.1
Project("{FAE04EC0-301F-11D3-BF4B-00C04F79EFBC}") = "coba", "coba\coba.csproj", "{353EE25F-8A4F-4D77-A457-54F9E1DD18A1}"
EndProject
Global
	GlobalSection(SolutionConfigurationPlatforms) = preSolution
		Debug|Any CPU = Debug|Any CPU
		Release|Any CPU = Release|Any CPU
	EndGlobalSection
	GlobalSection(ProjectConfigurationPlatforms) = postSolution
		{353EE25F-8A4F-4D77-A457-54F9E1DD18A1}.Debug|Any CPU.ActiveCfg = Debug|Any CPU
		{353EE25F-8A4F-4D77-A457-54F9E1DD18A1}.Debug|Any CPU.Build.0 = Debug|Any CPU
		{353EE25F-8A4F-4D77-A457-54F9E1DD18A1}.Release|Any CPU.ActiveCfg = Release|Any CPU
		{353EE25F-8A4F-4D77-A457-54F9E1DD18A1}.Release|Any CPU.Build.0 = Release|Any CPU
	EndGlobalSection
	GlobalSection(SolutionProperties) = preSolution
		HideSolutionNode = FALSE
	EndGlobalSection
	GlobalSection(ExtensibilityGlobals) = postSolution
		SolutionGuid = {AFC3F353-05FC-4EC7-B167-BD5778705127}
	EndGlobalSection
EndGlobal
